
Microsoft Visual Studio Solution File, Format Version 12.00
# Visual Studio Version 16
VisualStudioVersion = 16.0.31624.102
MinimumVisualStudioVersion = 10.0.40219.1
Project("{F184B08F-C81C-45F6-A57F-5ABD9991F28F}") = "2021-03", "2021-03.vbproj", "{C4EA1CB2-69FF-41C2-AA25-CE5E213B312C}"
EndProject
Global
	GlobalSection(SolutionConfigurationPlatforms) = preSolution
		Debug|Any CPU = Debug|Any CPU
		Release|Any CPU = Release|Any CPU
	EndGlobalSection
	GlobalSection(ProjectConfigurationPlatforms) = postSolution
		{C4EA1CB2-69FF-41C2-AA25-CE5E213B312C}.Debug|Any CPU.ActiveCfg = Debug|Any CPU
		{C4EA1CB2-69FF-41C2-AA25-CE5E213B312C}.Debug|Any CPU.Build.0 = Debug|Any CPU
		{C4EA1CB2-69FF-41C2-AA25-CE5E213B312C}.Release|Any CPU.ActiveCfg = Release|Any CPU
		{C4EA1CB2-69FF-41C2-AA25-CE5E213B312C}.Release|Any CPU.Build.0 = Release|Any CPU
	EndGlobalSection
	GlobalSection(SolutionProperties) = preSolution
		HideSolutionNode = FALSE
	EndGlobalSection
	GlobalSection(ExtensibilityGlobals) = postSolution
		SolutionGuid = {6AA67CF7-378F-4D6F-841D-37A588CCE309}
	EndGlobalSection
EndGlobal
